
Microsoft Visual Studio Solution File, Format Version 12.00
# Visual Studio Version 16
VisualStudioVersion = 16.0.32106.194
MinimumVisualStudioVersion = 10.0.40219.1
Project("{FAE04EC0-301F-11D3-BF4B-00C04F79EFBC}") = "BitcoinAutoMaticTrading", "BitcoinAutoMaticTrading\BitcoinAutoMaticTrading.csproj", "{B06EE870-9925-4E71-B84A-2243BF076E8F}"
EndProject
Global
	GlobalSection(SolutionConfigurationPlatforms) = preSolution
		Debug|Any CPU = Debug|Any CPU
		Release|Any CPU = Release|Any CPU
	EndGlobalSection
	GlobalSection(ProjectConfigurationPlatforms) = postSolution
		{B06EE870-9925-4E71-B84A-2243BF076E8F}.Debug|Any CPU.ActiveCfg = Debug|Any CPU
		{B06EE870-9925-4E71-B84A-2243BF076E8F}.Debug|Any CPU.Build.0 = Debug|Any CPU
		{B06EE870-9925-4E71-B84A-2243BF076E8F}.Release|Any CPU.ActiveCfg = Release|Any CPU
		{B06EE870-9925-4E71-B84A-2243BF076E8F}.Release|Any CPU.Build.0 = Release|Any CPU
	EndGlobalSection
	GlobalSection(SolutionProperties) = preSolution
		HideSolutionNode = FALSE
	EndGlobalSection
	GlobalSection(ExtensibilityGlobals) = postSolution
		SolutionGuid = {B5CAE6D3-6570-4D99-A21B-E2A21FA56E10}
	EndGlobalSection
EndGlobal
